// !$*UTF8*$!
{
	archiveVersion = 1;
	classes = {
	};
	objectVersion = 55;
	objects = {

/* Begin PBXBuildFile section */
		122CA52527C71F9900B5471A /* WeeklyCell.swift in Sources */ = {isa = PBXBuildFile; fileRef = 122CA52427C71F9900B5471A /* WeeklyCell.swift */; };
		F271274627CC283100D6F64A /* UIColorExtension.swift in Sources */ = {isa = PBXBuildFile; fileRef = F271274527CC283100D6F64A /* UIColorExtension.swift */; };
		F2D490A827C1A18F00411CCE /* AppDelegate.swift in Sources */ = {isa = PBXBuildFile; fileRef = F2D490A727C1A18F00411CCE /* AppDelegate.swift */; };
		F2D490AA27C1A18F00411CCE /* SceneDelegate.swift in Sources */ = {isa = PBXBuildFile; fileRef = F2D490A927C1A18F00411CCE /* SceneDelegate.swift */; };
		F2D490AC27C1A18F00411CCE /* ViewController.swift in Sources */ = {isa = PBXBuildFile; fileRef = F2D490AB27C1A18F00411CCE /* ViewController.swift */; };
		F2D490AF27C1A18F00411CCE /* Main.storyboard in Resources */ = {isa = PBXBuildFile; fileRef = F2D490AD27C1A18F00411CCE /* Main.storyboard */; };
		F2D490B127C1A19100411CCE /* Assets.xcassets in Resources */ = {isa = PBXBuildFile; fileRef = F2D490B027C1A19100411CCE /* Assets.xcassets */; };
		F2D490B427C1A19100411CCE /* LaunchScreen.storyboard in Resources */ = {isa = PBXBuildFile; fileRef = F2D490B227C1A19100411CCE /* LaunchScreen.storyboard */; };
		F2D490BF27C1A19100411CCE /* ffflipWeatherTests.swift in Sources */ = {isa = PBXBuildFile; fileRef = F2D490BE27C1A19100411CCE /* ffflipWeatherTests.swift */; };
		F2D490C927C1A19100411CCE /* ffflipWeatherUITests.swift in Sources */ = {isa = PBXBuildFile; fileRef = F2D490C827C1A19100411CCE /* ffflipWeatherUITests.swift */; };
		F2D490CB27C1A19100411CCE /* ffflipWeatherUITestsLaunchTests.swift in Sources */ = {isa = PBXBuildFile; fileRef = F2D490CA27C1A19100411CCE /* ffflipWeatherUITestsLaunchTests.swift */; };
		F2D490EA27C1A23E00411CCE /* KelvinToCelsiusConverter.swift in Sources */ = {isa = PBXBuildFile; fileRef = F2D490DE27C1A23D00411CCE /* KelvinToCelsiusConverter.swift */; };
		F2D490EB27C1A23E00411CCE /* IntExtension.swift in Sources */ = {isa = PBXBuildFile; fileRef = F2D490DF27C1A23D00411CCE /* IntExtension.swift */; };
		F2D490EC27C1A23E00411CCE /* ImageViewExtension.swift in Sources */ = {isa = PBXBuildFile; fileRef = F2D490E027C1A23D00411CCE /* ImageViewExtension.swift */; };
		F2D490ED27C1A23E00411CCE /* StringExtension.swift in Sources */ = {isa = PBXBuildFile; fileRef = F2D490E127C1A23D00411CCE /* StringExtension.swift */; };
		F2D490EE27C1A23E00411CCE /* DateExtension.swift in Sources */ = {isa = PBXBuildFile; fileRef = F2D490E227C1A23D00411CCE /* DateExtension.swift */; };
		F2D490EF27C1A23E00411CCE /* Forecast.swift in Sources */ = {isa = PBXBuildFile; fileRef = F2D490E427C1A23D00411CCE /* Forecast.swift */; };
		F2D490F027C1A23E00411CCE /* Weather.swift in Sources */ = {isa = PBXBuildFile; fileRef = F2D490E527C1A23D00411CCE /* Weather.swift */; };
		F2D490F127C1A23E00411CCE /* WeatherNetworkManager.swift in Sources */ = {isa = PBXBuildFile; fileRef = F2D490E727C1A23D00411CCE /* WeatherNetworkManager.swift */; };
		F2D490F227C1A23E00411CCE /* Network Properties.swift in Sources */ = {isa = PBXBuildFile; fileRef = F2D490E827C1A23D00411CCE /* Network Properties.swift */; };
		F2D490F327C1A23E00411CCE /* NetworkManagerProtocol.swift in Sources */ = {isa = PBXBuildFile; fileRef = F2D490E927C1A23D00411CCE /* NetworkManagerProtocol.swift */; };
		F2D490F527C1F43600411CCE /* ForecastViewController.swift in Sources */ = {isa = PBXBuildFile; fileRef = F2D490F427C1F43600411CCE /* ForecastViewController.swift */; };
		F2D490FB27C1F4AB00411CCE /* HourlyCell.swift in Sources */ = {isa = PBXBuildFile; fileRef = F2D490F827C1F4AB00411CCE /* HourlyCell.swift */; };
		F2D490FC27C1F4AB00411CCE /* ForecastCell.swift in Sources */ = {isa = PBXBuildFile; fileRef = F2D490F927C1F4AB00411CCE /* ForecastCell.swift */; };
		F2D490FD27C1F4AB00411CCE /* SelfConfiguringCell.swift in Sources */ = {isa = PBXBuildFile; fileRef = F2D490FA27C1F4AB00411CCE /* SelfConfiguringCell.swift */; };
/* End PBXBuildFile section */

/* Begin PBXContainerItemProxy section */
		F2D490BB27C1A19100411CCE /* PBXContainerItemProxy */ = {
			isa = PBXContainerItemProxy;
			containerPortal = F2D4909C27C1A18F00411CCE /* Project object */;
			proxyType = 1;
			remoteGlobalIDString = F2D490A327C1A18F00411CCE;
			remoteInfo = ffflipWeather;
		};
		F2D490C527C1A19100411CCE /* PBXContainerItemProxy */ = {
			isa = PBXContainerItemProxy;
			containerPortal = F2D4909C27C1A18F00411CCE /* Project object */;
			proxyType = 1;
			remoteGlobalIDString = F2D490A327C1A18F00411CCE;
			remoteInfo = ffflipWeather;
		};
/* End PBXContainerItemProxy section */

/* Begin PBXFileReference section */
		122CA52427C71F9900B5471A /* WeeklyCell.swift */ = {isa = PBXFileReference; lastKnownFileType = sourcecode.swift; name = WeeklyCell.swift; path = ffflipWeather/Cell/WeeklyCell.swift; sourceTree = SOURCE_ROOT; };
		F271274527CC283100D6F64A /* UIColorExtension.swift */ = {isa = PBXFileReference; lastKnownFileType = sourcecode.swift; path = UIColorExtension.swift; sourceTree = "<group>"; };
		F2D490A427C1A18F00411CCE /* ffflipWeather.app */ = {isa = PBXFileReference; explicitFileType = wrapper.application; includeInIndex = 0; path = ffflipWeather.app; sourceTree = BUILT_PRODUCTS_DIR; };
		F2D490A727C1A18F00411CCE /* AppDelegate.swift */ = {isa = PBXFileReference; lastKnownFileType = sourcecode.swift; path = AppDelegate.swift; sourceTree = "<group>"; };
		F2D490A927C1A18F00411CCE /* SceneDelegate.swift */ = {isa = PBXFileReference; lastKnownFileType = sourcecode.swift; path = SceneDelegate.swift; sourceTree = "<group>"; };
		F2D490AB27C1A18F00411CCE /* ViewController.swift */ = {isa = PBXFileReference; lastKnownFileType = sourcecode.swift; path = ViewController.swift; sourceTree = "<group>"; };
		F2D490AE27C1A18F00411CCE /* Base */ = {isa = PBXFileReference; lastKnownFileType = file.storyboard; name = Base; path = Base.lproj/Main.storyboard; sourceTree = "<group>"; };
		F2D490B027C1A19100411CCE /* Assets.xcassets */ = {isa = PBXFileReference; lastKnownFileType = folder.assetcatalog; path = Assets.xcassets; sourceTree = "<group>"; };
		F2D490B327C1A19100411CCE /* Base */ = {isa = PBXFileReference; lastKnownFileType = file.storyboard; name = Base; path = Base.lproj/LaunchScreen.storyboard; sourceTree = "<group>"; };
		F2D490B527C1A19100411CCE /* Info.plist */ = {isa = PBXFileReference; lastKnownFileType = text.plist.xml; path = Info.plist; sourceTree = "<group>"; };
		F2D490BA27C1A19100411CCE /* ffflipWeatherTests.xctest */ = {isa = PBXFileReference; explicitFileType = wrapper.cfbundle; includeInIndex = 0; path = ffflipWeatherTests.xctest; sourceTree = BUILT_PRODUCTS_DIR; };
		F2D490BE27C1A19100411CCE /* ffflipWeatherTests.swift */ = {isa = PBXFileReference; lastKnownFileType = sourcecode.swift; path = ffflipWeatherTests.swift; sourceTree = "<group>"; };
		F2D490C427C1A19100411CCE /* ffflipWeatherUITests.xctest */ = {isa = PBXFileReference; explicitFileType = wrapper.cfbundle; includeInIndex = 0; path = ffflipWeatherUITests.xctest; sourceTree = BUILT_PRODUCTS_DIR; };
		F2D490C827C1A19100411CCE /* ffflipWeatherUITests.swift */ = {isa = PBXFileReference; lastKnownFileType = sourcecode.swift; path = ffflipWeatherUITests.swift; sourceTree = "<group>"; };
		F2D490CA27C1A19100411CCE /* ffflipWeatherUITestsLaunchTests.swift */ = {isa = PBXFileReference; lastKnownFileType = sourcecode.swift; path = ffflipWeatherUITestsLaunchTests.swift; sourceTree = "<group>"; };
		F2D490DE27C1A23D00411CCE /* KelvinToCelsiusConverter.swift */ = {isa = PBXFileReference; fileEncoding = 4; lastKnownFileType = sourcecode.swift; path = KelvinToCelsiusConverter.swift; sourceTree = "<group>"; };
		F2D490DF27C1A23D00411CCE /* IntExtension.swift */ = {isa = PBXFileReference; fileEncoding = 4; lastKnownFileType = sourcecode.swift; path = IntExtension.swift; sourceTree = "<group>"; };
		F2D490E027C1A23D00411CCE /* ImageViewExtension.swift */ = {isa = PBXFileReference; fileEncoding = 4; lastKnownFileType = sourcecode.swift; path = ImageViewExtension.swift; sourceTree = "<group>"; };
		F2D490E127C1A23D00411CCE /* StringExtension.swift */ = {isa = PBXFileReference; fileEncoding = 4; lastKnownFileType = sourcecode.swift; path = StringExtension.swift; sourceTree = "<group>"; };
		F2D490E227C1A23D00411CCE /* DateExtension.swift */ = {isa = PBXFileReference; fileEncoding = 4; lastKnownFileType = sourcecode.swift; path = DateExtension.swift; sourceTree = "<group>"; };
		F2D490E427C1A23D00411CCE /* Forecast.swift */ = {isa = PBXFileReference; fileEncoding = 4; lastKnownFileType = sourcecode.swift; path = Forecast.swift; sourceTree = "<group>"; };
		F2D490E527C1A23D00411CCE /* Weather.swift */ = {isa = PBXFileReference; fileEncoding = 4; lastKnownFileType = sourcecode.swift; path = Weather.swift; sourceTree = "<group>"; };
		F2D490E727C1A23D00411CCE /* WeatherNetworkManager.swift */ = {isa = PBXFileReference; fileEncoding = 4; lastKnownFileType = sourcecode.swift; path = WeatherNetworkManager.swift; sourceTree = "<group>"; };
		F2D490E827C1A23D00411CCE /* Network Properties.swift */ = {isa = PBXFileReference; fileEncoding = 4; lastKnownFileType = sourcecode.swift; path = "Network Properties.swift"; sourceTree = "<group>"; };
		F2D490E927C1A23D00411CCE /* NetworkManagerProtocol.swift */ = {isa = PBXFileReference; fileEncoding = 4; lastKnownFileType = sourcecode.swift; path = NetworkManagerProtocol.swift; sourceTree = "<group>"; };
		F2D490F427C1F43600411CCE /* ForecastViewController.swift */ = {isa = PBXFileReference; lastKnownFileType = sourcecode.swift; path = ForecastViewController.swift; sourceTree = "<group>"; };
		F2D490F827C1F4AB00411CCE /* HourlyCell.swift */ = {isa = PBXFileReference; fileEncoding = 4; lastKnownFileType = sourcecode.swift; path = HourlyCell.swift; sourceTree = "<group>"; };
		F2D490F927C1F4AB00411CCE /* ForecastCell.swift */ = {isa = PBXFileReference; fileEncoding = 4; lastKnownFileType = sourcecode.swift; path = ForecastCell.swift; sourceTree = "<group>"; };
		F2D490FA27C1F4AB00411CCE /* SelfConfiguringCell.swift */ = {isa = PBXFileReference; fileEncoding = 4; lastKnownFileType = sourcecode.swift; path = SelfConfiguringCell.swift; sourceTree = "<group>"; };
/* End PBXFileReference section */

/* Begin PBXFrameworksBuildPhase section */
		F2D490A127C1A18F00411CCE /* Frameworks */ = {
			isa = PBXFrameworksBuildPhase;
			buildActionMask = 2147483647;
			files = (
			);
			runOnlyForDeploymentPostprocessing = 0;
		};
		F2D490B727C1A19100411CCE /* Frameworks */ = {
			isa = PBXFrameworksBuildPhase;
			buildActionMask = 2147483647;
			files = (
			);
			runOnlyForDeploymentPostprocessing = 0;
		};
		F2D490C127C1A19100411CCE /* Frameworks */ = {
			isa = PBXFrameworksBuildPhase;
			buildActionMask = 2147483647;
			files = (
			);
			runOnlyForDeploymentPostprocessing = 0;
		};
/* End PBXFrameworksBuildPhase section */

/* Begin PBXGroup section */
		F2D4909B27C1A18F00411CCE = {
			isa = PBXGroup;
			children = (
				F2D490A627C1A18F00411CCE /* ffflipWeather */,
				F2D490BD27C1A19100411CCE /* ffflipWeatherTests */,
				F2D490C727C1A19100411CCE /* ffflipWeatherUITests */,
				F2D490A527C1A18F00411CCE /* Products */,
			);
			sourceTree = "<group>";
		};
		F2D490A527C1A18F00411CCE /* Products */ = {
			isa = PBXGroup;
			children = (
				F2D490A427C1A18F00411CCE /* ffflipWeather.app */,
				F2D490BA27C1A19100411CCE /* ffflipWeatherTests.xctest */,
				F2D490C427C1A19100411CCE /* ffflipWeatherUITests.xctest */,
			);
			name = Products;
			sourceTree = "<group>";
		};
		F2D490A627C1A18F00411CCE /* ffflipWeather */ = {
			isa = PBXGroup;
			children = (
				F2D490DD27C1A23D00411CCE /* Extensions */,
				F2D490E327C1A23D00411CCE /* Model */,
				F2D490E627C1A23D00411CCE /* Network */,
				F2D490A727C1A18F00411CCE /* AppDelegate.swift */,
				F2D490A927C1A18F00411CCE /* SceneDelegate.swift */,
				F2D490F727C1F4AB00411CCE /* Cell */,
				F2D490F627C1F45100411CCE /* Controllers */,
				F2D490AD27C1A18F00411CCE /* Main.storyboard */,
				F2D490B027C1A19100411CCE /* Assets.xcassets */,
				F2D490B227C1A19100411CCE /* LaunchScreen.storyboard */,
				F2D490B527C1A19100411CCE /* Info.plist */,
			);
			path = ffflipWeather;
			sourceTree = "<group>";
		};
		F2D490BD27C1A19100411CCE /* ffflipWeatherTests */ = {
			isa = PBXGroup;
			children = (
				F2D490BE27C1A19100411CCE /* ffflipWeatherTests.swift */,
			);
			path = ffflipWeatherTests;
			sourceTree = "<group>";
		};
		F2D490C727C1A19100411CCE /* ffflipWeatherUITests */ = {
			isa = PBXGroup;
			children = (
				F2D490C827C1A19100411CCE /* ffflipWeatherUITests.swift */,
				F2D490CA27C1A19100411CCE /* ffflipWeatherUITestsLaunchTests.swift */,
			);
			path = ffflipWeatherUITests;
			sourceTree = "<group>";
		};
		F2D490DD27C1A23D00411CCE /* Extensions */ = {
			isa = PBXGroup;
			children = (
				F2D490DE27C1A23D00411CCE /* KelvinToCelsiusConverter.swift */,
				F2D490DF27C1A23D00411CCE /* IntExtension.swift */,
				F2D490E027C1A23D00411CCE /* ImageViewExtension.swift */,
				F2D490E127C1A23D00411CCE /* StringExtension.swift */,
				F2D490E227C1A23D00411CCE /* DateExtension.swift */,
				F271274527CC283100D6F64A /* UIColorExtension.swift */,
			);
			path = Extensions;
			sourceTree = "<group>";
		};
		F2D490E327C1A23D00411CCE /* Model */ = {
			isa = PBXGroup;
			children = (
				F2D490E427C1A23D00411CCE /* Forecast.swift */,
				F2D490E527C1A23D00411CCE /* Weather.swift */,
			);
			path = Model;
			sourceTree = "<group>";
		};
		F2D490E627C1A23D00411CCE /* Network */ = {
			isa = PBXGroup;
			children = (
				F2D490E727C1A23D00411CCE /* WeatherNetworkManager.swift */,
				F2D490E827C1A23D00411CCE /* Network Properties.swift */,
				F2D490E927C1A23D00411CCE /* NetworkManagerProtocol.swift */,
			);
			path = Network;
			sourceTree = "<group>";
		};
		F2D490F627C1F45100411CCE /* Controllers */ = {
			isa = PBXGroup;
			children = (
				F2D490AB27C1A18F00411CCE /* ViewController.swift */,
				F2D490F427C1F43600411CCE /* ForecastViewController.swift */,
			);
			path = Controllers;
			sourceTree = "<group>";
		};
		F2D490F727C1F4AB00411CCE /* Cell */ = {
			isa = PBXGroup;
			children = (
				122CA52427C71F9900B5471A /* WeeklyCell.swift */,
				F2D490F827C1F4AB00411CCE /* HourlyCell.swift */,
				F2D490F927C1F4AB00411CCE /* ForecastCell.swift */,
				F2D490FA27C1F4AB00411CCE /* SelfConfiguringCell.swift */,
			);
			path = Cell;
			sourceTree = "<group>";
		};
/* End PBXGroup section */

/* Begin PBXNativeTarget section */
		F2D490A327C1A18F00411CCE /* ffflipWeather */ = {
			isa = PBXNativeTarget;
			buildConfigurationList = F2D490CE27C1A19100411CCE /* Build configuration list for PBXNativeTarget "ffflipWeather" */;
			buildPhases = (
				F2D490A027C1A18F00411CCE /* Sources */,
				F2D490A127C1A18F00411CCE /* Frameworks */,
				F2D490A227C1A18F00411CCE /* Resources */,
			);
			buildRules = (
			);
			dependencies = (
			);
			name = ffflipWeather;
			productName = ffflipWeather;
			productReference = F2D490A427C1A18F00411CCE /* ffflipWeather.app */;
			productType = "com.apple.product-type.application";
		};
		F2D490B927C1A19100411CCE /* ffflipWeatherTests */ = {
			isa = PBXNativeTarget;
			buildConfigurationList = F2D490D127C1A19100411CCE /* Build configuration list for PBXNativeTarget "ffflipWeatherTests" */;
			buildPhases = (
				F2D490B627C1A19100411CCE /* Sources */,
				F2D490B727C1A19100411CCE /* Frameworks */,
				F2D490B827C1A19100411CCE /* Resources */,
			);
			buildRules = (
			);
			dependencies = (
				F2D490BC27C1A19100411CCE /* PBXTargetDependency */,
			);
			name = ffflipWeatherTests;
			productName = ffflipWeatherTests;
			productReference = F2D490BA27C1A19100411CCE /* ffflipWeatherTests.xctest */;
			productType = "com.apple.product-type.bundle.unit-test";
		};
		F2D490C327C1A19100411CCE /* ffflipWeatherUITests */ = {
			isa = PBXNativeTarget;
			buildConfigurationList = F2D490D427C1A19100411CCE /* Build configuration list for PBXNativeTarget "ffflipWeatherUITests" */;
			buildPhases = (
				F2D490C027C1A19100411CCE /* Sources */,
				F2D490C127C1A19100411CCE /* Frameworks */,
				F2D490C227C1A19100411CCE /* Resources */,
			);
			buildRules = (
			);
			dependencies = (
				F2D490C627C1A19100411CCE /* PBXTargetDependency */,
			);
			name = ffflipWeatherUITests;
			productName = ffflipWeatherUITests;
			productReference = F2D490C427C1A19100411CCE /* ffflipWeatherUITests.xctest */;
			productType = "com.apple.product-type.bundle.ui-testing";
		};
/* End PBXNativeTarget section */

/* Begin PBXProject section */
		F2D4909C27C1A18F00411CCE /* Project object */ = {
			isa = PBXProject;
			attributes = {
				BuildIndependentTargetsInParallel = 1;
				LastSwiftUpdateCheck = 1320;
				LastUpgradeCheck = 1320;
				TargetAttributes = {
					F2D490A327C1A18F00411CCE = {
						CreatedOnToolsVersion = 13.2.1;
					};
					F2D490B927C1A19100411CCE = {
						CreatedOnToolsVersion = 13.2.1;
						TestTargetID = F2D490A327C1A18F00411CCE;
					};
					F2D490C327C1A19100411CCE = {
						CreatedOnToolsVersion = 13.2.1;
						TestTargetID = F2D490A327C1A18F00411CCE;
					};
				};
			};
			buildConfigurationList = F2D4909F27C1A18F00411CCE /* Build configuration list for PBXProject "ffflipWeather" */;
			compatibilityVersion = "Xcode 13.0";
			developmentRegion = en;
			hasScannedForEncodings = 0;
			knownRegions = (
				en,
				Base,
			);
			mainGroup = F2D4909B27C1A18F00411CCE;
			productRefGroup = F2D490A527C1A18F00411CCE /* Products */;
			projectDirPath = "";
			projectRoot = "";
			targets = (
				F2D490A327C1A18F00411CCE /* ffflipWeather */,
				F2D490B927C1A19100411CCE /* ffflipWeatherTests */,
				F2D490C327C1A19100411CCE /* ffflipWeatherUITests */,
			);
		};
/* End PBXProject section */

/* Begin PBXResourcesBuildPhase section */
		F2D490A227C1A18F00411CCE /* Resources */ = {
			isa = PBXResourcesBuildPhase;
			buildActionMask = 2147483647;
			files = (
				F2D490B427C1A19100411CCE /* LaunchScreen.storyboard in Resources */,
				F2D490B127C1A19100411CCE /* Assets.xcassets in Resources */,
				F2D490AF27C1A18F00411CCE /* Main.storyboard in Resources */,
			);
			runOnlyForDeploymentPostprocessing = 0;
		};
		F2D490B827C1A19100411CCE /* Resources */ = {
			isa = PBXResourcesBuildPhase;
			buildActionMask = 2147483647;
			files = (
			);
			runOnlyForDeploymentPostprocessing = 0;
		};
		F2D490C227C1A19100411CCE /* Resources */ = {
			isa = PBXResourcesBuildPhase;
			buildActionMask = 2147483647;
			files = (
			);
			runOnlyForDeploymentPostprocessing = 0;
		};
/* End PBXResourcesBuildPhase section */

/* Begin PBXSourcesBuildPhase section */
		F2D490A027C1A18F00411CCE /* Sources */ = {
			isa = PBXSourcesBuildPhase;
			buildActionMask = 2147483647;
			files = (
				122CA52527C71F9900B5471A /* WeeklyCell.swift in Sources */,
				F2D490AC27C1A18F00411CCE /* ViewController.swift in Sources */,
				F2D490F527C1F43600411CCE /* ForecastViewController.swift in Sources */,
				F2D490EE27C1A23E00411CCE /* DateExtension.swift in Sources */,
				F271274627CC283100D6F64A /* UIColorExtension.swift in Sources */,
				F2D490ED27C1A23E00411CCE /* StringExtension.swift in Sources */,
				F2D490FC27C1F4AB00411CCE /* ForecastCell.swift in Sources */,
				F2D490EA27C1A23E00411CCE /* KelvinToCelsiusConverter.swift in Sources */,
				F2D490F027C1A23E00411CCE /* Weather.swift in Sources */,
				F2D490FB27C1F4AB00411CCE /* HourlyCell.swift in Sources */,
				F2D490EF27C1A23E00411CCE /* Forecast.swift in Sources */,
				F2D490FD27C1F4AB00411CCE /* SelfConfiguringCell.swift in Sources */,
				F2D490F227C1A23E00411CCE /* Network Properties.swift in Sources */,
				F2D490A827C1A18F00411CCE /* AppDelegate.swift in Sources */,
				F2D490EB27C1A23E00411CCE /* IntExtension.swift in Sources */,
				F2D490EC27C1A23E00411CCE /* ImageViewExtension.swift in Sources */,
				F2D490F127C1A23E00411CCE /* WeatherNetworkManager.swift in Sources */,
				F2D490F327C1A23E00411CCE /* NetworkManagerProtocol.swift in Sources */,
				F2D490AA27C1A18F00411CCE /* SceneDelegate.swift in Sources */,
			);
			runOnlyForDeploymentPostprocessing = 0;
		};
		F2D490B627C1A19100411CCE /* Sources */ = {
			isa = PBXSourcesBuildPhase;
			buildActionMask = 2147483647;
			files = (
				F2D490BF27C1A19100411CCE /* ffflipWeatherTests.swift in Sources */,
			);
			runOnlyForDeploymentPostprocessing = 0;
		};
		F2D490C027C1A19100411CCE /* Sources */ = {
			isa = PBXSourcesBuildPhase;
			buildActionMask = 2147483647;
			files = (
				F2D490CB27C1A19100411CCE /* ffflipWeatherUITestsLaunchTests.swift in Sources */,
				F2D490C927C1A19100411CCE /* ffflipWeatherUITests.swift in Sources */,
			);
			runOnlyForDeploymentPostprocessing = 0;
		};
/* End PBXSourcesBuildPhase section */

/* Begin PBXTargetDependency section */
		F2D490BC27C1A19100411CCE /* PBXTargetDependency */ = {
			isa = PBXTargetDependency;
			target = F2D490A327C1A18F00411CCE /* ffflipWeather */;
			targetProxy = F2D490BB27C1A19100411CCE /* PBXContainerItemProxy */;
		};
		F2D490C627C1A19100411CCE /* PBXTargetDependency */ = {
			isa = PBXTargetDependency;
			target = F2D490A327C1A18F00411CCE /* ffflipWeather */;
			targetProxy = F2D490C527C1A19100411CCE /* PBXContainerItemProxy */;
		};
/* End PBXTargetDependency section */

/* Begin PBXVariantGroup section */
		F2D490AD27C1A18F00411CCE /* Main.storyboard */ = {
			isa = PBXVariantGroup;
			children = (
				F2D490AE27C1A18F00411CCE /* Base */,
			);
			name = Main.storyboard;
			sourceTree = "<group>";
		};
		F2D490B227C1A19100411CCE /* LaunchScreen.storyboard */ = {
			isa = PBXVariantGroup;
			children = (
				F2D490B327C1A19100411CCE /* Base */,
			);
			name = LaunchScreen.storyboard;
			sourceTree = "<group>";
		};
/* End PBXVariantGroup section */

/* Begin XCBuildConfiguration section */
		F2D490CC27C1A19100411CCE /* Debug */ = {
			isa = XCBuildConfiguration;
			buildSettings = {
				ALWAYS_SEARCH_USER_PATHS = NO;
				CLANG_ANALYZER_NONNULL = YES;
				CLANG_ANALYZER_NUMBER_OBJECT_CONVERSION = YES_AGGRESSIVE;
				CLANG_CXX_LANGUAGE_STANDARD = "gnu++17";
				CLANG_CXX_LIBRARY = "libc++";
				CLANG_ENABLE_MODULES = YES;
				CLANG_ENABLE_OBJC_ARC = YES;
				CLANG_ENABLE_OBJC_WEAK = YES;
				CLANG_WARN_BLOCK_CAPTURE_AUTORELEASING = YES;
				CLANG_WARN_BOOL_CONVERSION = YES;
				CLANG_WARN_COMMA = YES;
				CLANG_WARN_CONSTANT_CONVERSION = YES;
				CLANG_WARN_DEPRECATED_OBJC_IMPLEMENTATIONS = YES;
				CLANG_WARN_DIRECT_OBJC_ISA_USAGE = YES_ERROR;
				CLANG_WARN_DOCUMENTATION_COMMENTS = YES;
				CLANG_WARN_EMPTY_BODY = YES;
				CLANG_WARN_ENUM_CONVERSION = YES;
				CLANG_WARN_INFINITE_RECURSION = YES;
				CLANG_WARN_INT_CONVERSION = YES;
				CLANG_WARN_NON_LITERAL_NULL_CONVERSION = YES;
				CLANG_WARN_OBJC_IMPLICIT_RETAIN_SELF = YES;
				CLANG_WARN_OBJC_LITERAL_CONVERSION = YES;
				CLANG_WARN_OBJC_ROOT_CLASS = YES_ERROR;
				CLANG_WARN_QUOTED_INCLUDE_IN_FRAMEWORK_HEADER = YES;
				CLANG_WARN_RANGE_LOOP_ANALYSIS = YES;
				CLANG_WARN_STRICT_PROTOTYPES = YES;
				CLANG_WARN_SUSPICIOUS_MOVE = YES;
				CLANG_WARN_UNGUARDED_AVAILABILITY = YES_AGGRESSIVE;
				CLANG_WARN_UNREACHABLE_CODE = YES;
				CLANG_WARN__DUPLICATE_METHOD_MATCH = YES;
				COPY_PHASE_STRIP = NO;
				DEBUG_INFORMATION_FORMAT = dwarf;
				ENABLE_STRICT_OBJC_MSGSEND = YES;
				ENABLE_TESTABILITY = YES;
				GCC_C_LANGUAGE_STANDARD = gnu11;
				GCC_DYNAMIC_NO_PIC = NO;
				GCC_NO_COMMON_BLOCKS = YES;
				GCC_OPTIMIZATION_LEVEL = 0;
				GCC_PREPROCESSOR_DEFINITIONS = (
					"DEBUG=1",
					"$(inherited)",
				);
				GCC_WARN_64_TO_32_BIT_CONVERSION = YES;
				GCC_WARN_ABOUT_RETURN_TYPE = YES_ERROR;
				GCC_WARN_UNDECLARED_SELECTOR = YES;
				GCC_WARN_UNINITIALIZED_AUTOS = YES_AGGRESSIVE;
				GCC_WARN_UNUSED_FUNCTION = YES;
				GCC_WARN_UNUSED_VARIABLE = YES;
				IPHONEOS_DEPLOYMENT_TARGET = 15.2;
				MTL_ENABLE_DEBUG_INFO = INCLUDE_SOURCE;
				MTL_FAST_MATH = YES;
				ONLY_ACTIVE_ARCH = YES;
				SDKROOT = iphoneos;
				SWIFT_ACTIVE_COMPILATION_CONDITIONS = DEBUG;
				SWIFT_OPTIMIZATION_LEVEL = "-Onone";
			};
			name = Debug;
		};
		F2D490CD27C1A19100411CCE /* Release */ = {
			isa = XCBuildConfiguration;
			buildSettings = {
				ALWAYS_SEARCH_USER_PATHS = NO;
				CLANG_ANALYZER_NONNULL = YES;
				CLANG_ANALYZER_NUMBER_OBJECT_CONVERSION = YES_AGGRESSIVE;
				CLANG_CXX_LANGUAGE_STANDARD = "gnu++17";
				CLANG_CXX_LIBRARY = "libc++";
				CLANG_ENABLE_MODULES = YES;
				CLANG_ENABLE_OBJC_ARC = YES;
				CLANG_ENABLE_OBJC_WEAK = YES;
				CLANG_WARN_BLOCK_CAPTURE_AUTORELEASING = YES;
				CLANG_WARN_BOOL_CONVERSION = YES;
				CLANG_WARN_COMMA = YES;
				CLANG_WARN_CONSTANT_CONVERSION = YES;
				CLANG_WARN_DEPRECATED_OBJC_IMPLEMENTATIONS = YES;
				CLANG_WARN_DIRECT_OBJC_ISA_USAGE = YES_ERROR;
				CLANG_WARN_DOCUMENTATION_COMMENTS = YES;
				CLANG_WARN_EMPTY_BODY = YES;
				CLANG_WARN_ENUM_CONVERSION = YES;
				CLANG_WARN_INFINITE_RECURSION = YES;
				CLANG_WARN_INT_CONVERSION = YES;
				CLANG_WARN_NON_LITERAL_NULL_CONVERSION = YES;
				CLANG_WARN_OBJC_IMPLICIT_RETAIN_SELF = YES;
				CLANG_WARN_OBJC_LITERAL_CONVERSION = YES;
				CLANG_WARN_OBJC_ROOT_CLASS = YES_ERROR;
				CLANG_WARN_QUOTED_INCLUDE_IN_FRAMEWORK_HEADER = YES;
				CLANG_WARN_RANGE_LOOP_ANALYSIS = YES;
				CLANG_WARN_STRICT_PROTOTYPES = YES;
				CLANG_WARN_SUSPICIOUS_MOVE = YES;
				CLANG_WARN_UNGUARDED_AVAILABILITY = YES_AGGRESSIVE;
				CLANG_WARN_UNREACHABLE_CODE = YES;
				CLANG_WARN__DUPLICATE_METHOD_MATCH = YES;
				COPY_PHASE_STRIP = NO;
				DEBUG_INFORMATION_FORMAT = "dwarf-with-dsym";
				ENABLE_NS_ASSERTIONS = NO;
				ENABLE_STRICT_OBJC_MSGSEND = YES;
				GCC_C_LANGUAGE_STANDARD = gnu11;
				GCC_NO_COMMON_BLOCKS = YES;
				GCC_WARN_64_TO_32_BIT_CONVERSION = YES;
				GCC_WARN_ABOUT_RETURN_TYPE = YES_ERROR;
				GCC_WARN_UNDECLARED_SELECTOR = YES;
				GCC_WARN_UNINITIALIZED_AUTOS = YES_AGGRESSIVE;
				GCC_WARN_UNUSED_FUNCTION = YES;
				GCC_WARN_UNUSED_VARIABLE = YES;
				IPHONEOS_DEPLOYMENT_TARGET = 15.2;
				MTL_ENABLE_DEBUG_INFO = NO;
				MTL_FAST_MATH = YES;
				SDKROOT = iphoneos;
				SWIFT_COMPILATION_MODE = wholemodule;
				SWIFT_OPTIMIZATION_LEVEL = "-O";
				VALIDATE_PRODUCT = YES;
			};
			name = Release;
		};
		F2D490CF27C1A19100411CCE /* Debug */ = {
			isa = XCBuildConfiguration;
			buildSettings = {
				ASSETCATALOG_COMPILER_APPICON_NAME = AppIcon;
				ASSETCATALOG_COMPILER_GLOBAL_ACCENT_COLOR_NAME = AccentColor;
				CODE_SIGN_STYLE = Automatic;
				CURRENT_PROJECT_VERSION = 1;
				DEVELOPMENT_TEAM = F8L822RGUB;
				GENERATE_INFOPLIST_FILE = YES;
				INFOPLIST_FILE = ffflipWeather/Info.plist;
				INFOPLIST_KEY_UIApplicationSupportsIndirectInputEvents = YES;
				INFOPLIST_KEY_UILaunchStoryboardName = LaunchScreen;
				INFOPLIST_KEY_UIMainStoryboardFile = Main;
				INFOPLIST_KEY_UISupportedInterfaceOrientations_iPad = "UIInterfaceOrientationPortrait UIInterfaceOrientationPortraitUpsideDown UIInterfaceOrientationLandscapeLeft UIInterfaceOrientationLandscapeRight";
				INFOPLIST_KEY_UISupportedInterfaceOrientations_iPhone = "UIInterfaceOrientationPortrait UIInterfaceOrientationLandscapeLeft UIInterfaceOrientationLandscapeRight";
				LD_RUNPATH_SEARCH_PATHS = (
					"$(inherited)",
					"@executable_path/Frameworks",
				);
				MARKETING_VERSION = 1.0;
				PRODUCT_BUNDLE_IDENTIFIER = com.ffflip.ffflipWeather;
				PRODUCT_NAME = "$(TARGET_NAME)";
				SWIFT_EMIT_LOC_STRINGS = YES;
				SWIFT_VERSION = 5.0;
				TARGETED_DEVICE_FAMILY = "1,2";
			};
			name = Debug;
		};
		F2D490D027C1A19100411CCE /* Release */ = {
			isa = XCBuildConfiguration;
			buildSettings = {
				ASSETCATALOG_COMPILER_APPICON_NAME = AppIcon;
				ASSETCATALOG_COMPILER_GLOBAL_ACCENT_COLOR_NAME = AccentColor;
				CODE_SIGN_STYLE = Automatic;
				CURRENT_PROJECT_VERSION = 1;
				DEVELOPMENT_TEAM = F8L822RGUB;
				GENERATE_INFOPLIST_FILE = YES;
				INFOPLIST_FILE = ffflipWeather/Info.plist;
				INFOPLIST_KEY_UIApplicationSupportsIndirectInputEvents = YES;
				INFOPLIST_KEY_UILaunchStoryboardName = LaunchScreen;
				INFOPLIST_KEY_UIMainStoryboardFile = Main;
				INFOPLIST_KEY_UISupportedInterfaceOrientations_iPad = "UIInterfaceOrientationPortrait UIInterfaceOrientationPortraitUpsideDown UIInterfaceOrientationLandscapeLeft UIInterfaceOrientationLandscapeRight";
				INFOPLIST_KEY_UISupportedInterfaceOrientations_iPhone = "UIInterfaceOrientationPortrait UIInterfaceOrientationLandscapeLeft UIInterfaceOrientationLandscapeRight";
				LD_RUNPATH_SEARCH_PATHS = (
					"$(inherited)",
					"@executable_path/Frameworks",
				);
				MARKETING_VERSION = 1.0;
				PRODUCT_BUNDLE_IDENTIFIER = com.ffflip.ffflipWeather;
				PRODUCT_NAME = "$(TARGET_NAME)";
				SWIFT_EMIT_LOC_STRINGS = YES;
				SWIFT_VERSION = 5.0;
				TARGETED_DEVICE_FAMILY = "1,2";
			};
			name = Release;
		};
		F2D490D227C1A19100411CCE /* Debug */ = {
			isa = XCBuildConfiguration;
			buildSettings = {
				ALWAYS_EMBED_SWIFT_STANDARD_LIBRARIES = YES;
				BUNDLE_LOADER = "$(TEST_HOST)";
				CODE_SIGN_STYLE = Automatic;
				CURRENT_PROJECT_VERSION = 1;
				DEVELOPMENT_TEAM = F8L822RGUB;
				GENERATE_INFOPLIST_FILE = YES;
				IPHONEOS_DEPLOYMENT_TARGET = 15.2;
				MARKETING_VERSION = 1.0;
				PRODUCT_BUNDLE_IDENTIFIER = com.ffflip.ffflipWeatherTests;
				PRODUCT_NAME = "$(TARGET_NAME)";
				SWIFT_EMIT_LOC_STRINGS = NO;
				SWIFT_VERSION = 5.0;
				TARGETED_DEVICE_FAMILY = "1,2";
				TEST_HOST = "$(BUILT_PRODUCTS_DIR)/ffflipWeather.app/ffflipWeather";
			};
			name = Debug;
		};
		F2D490D327C1A19100411CCE /* Release */ = {
			isa = XCBuildConfiguration;
			buildSettings = {
				ALWAYS_EMBED_SWIFT_STANDARD_LIBRARIES = YES;
				BUNDLE_LOADER = "$(TEST_HOST)";
				CODE_SIGN_STYLE = Automatic;
				CURRENT_PROJECT_VERSION = 1;
				DEVELOPMENT_TEAM = F8L822RGUB;
				GENERATE_INFOPLIST_FILE = YES;
				IPHONEOS_DEPLOYMENT_TARGET = 15.2;
				MARKETING_VERSION = 1.0;
				PRODUCT_BUNDLE_IDENTIFIER = com.ffflip.ffflipWeatherTests;
				PRODUCT_NAME = "$(TARGET_NAME)";
				SWIFT_EMIT_LOC_STRINGS = NO;
				SWIFT_VERSION = 5.0;
				TARGETED_DEVICE_FAMILY = "1,2";
				TEST_HOST = "$(BUILT_PRODUCTS_DIR)/ffflipWeather.app/ffflipWeather";
			};
			name = Release;
		};
		F2D490D527C1A19100411CCE /* Debug */ = {
			isa = XCBuildConfiguration;
			buildSettings = {
				ALWAYS_EMBED_SWIFT_STANDARD_LIBRARIES = YES;
				CODE_SIGN_STYLE = Automatic;
				CURRENT_PROJECT_VERSION = 1;
				DEVELOPMENT_TEAM = F8L822RGUB;
				GENERATE_INFOPLIST_FILE = YES;
				MARKETING_VERSION = 1.0;
				PRODUCT_BUNDLE_IDENTIFIER = com.ffflip.ffflipWeatherUITests;
				PRODUCT_NAME = "$(TARGET_NAME)";
				SWIFT_EMIT_LOC_STRINGS = NO;
				SWIFT_VERSION = 5.0;
				TARGETED_DEVICE_FAMILY = "1,2";
				TEST_TARGET_NAME = ffflipWeather;
			};
			name = Debug;
		};
		F2D490D627C1A19100411CCE /* Release */ = {
			isa = XCBuildConfiguration;
			buildSettings = {
				ALWAYS_EMBED_SWIFT_STANDARD_LIBRARIES = YES;
				CODE_SIGN_STYLE = Automatic;
				CURRENT_PROJECT_VERSION = 1;
				DEVELOPMENT_TEAM = F8L822RGUB;
				GENERATE_INFOPLIST_FILE = YES;
				MARKETING_VERSION = 1.0;
				PRODUCT_BUNDLE_IDENTIFIER = com.ffflip.ffflipWeatherUITests;
				PRODUCT_NAME = "$(TARGET_NAME)";
				SWIFT_EMIT_LOC_STRINGS = NO;
				SWIFT_VERSION = 5.0;
				TARGETED_DEVICE_FAMILY = "1,2";
				TEST_TARGET_NAME = ffflipWeather;
			};
			name = Release;
		};
/* End XCBuildConfiguration section */

/* Begin XCConfigurationList section */
		F2D4909F27C1A18F00411CCE /* Build configuration list for PBXProject "ffflipWeather" */ = {
			isa = XCConfigurationList;
			buildConfigurations = (
				F2D490CC27C1A19100411CCE /* Debug */,
				F2D490CD27C1A19100411CCE /* Release */,
			);
			defaultConfigurationIsVisible = 0;
			defaultConfigurationName = Release;
		};
		F2D490CE27C1A19100411CCE /* Build configuration list for PBXNativeTarget "ffflipWeather" */ = {
			isa = XCConfigurationList;
			buildConfigurations = (
				F2D490CF27C1A19100411CCE /* Debug */,
				F2D490D027C1A19100411CCE /* Release */,
			);
			defaultConfigurationIsVisible = 0;
			defaultConfigurationName = Release;
		};
		F2D490D127C1A19100411CCE /* Build configuration list for PBXNativeTarget "ffflipWeatherTests" */ = {
			isa = XCConfigurationList;
			buildConfigurations = (
				F2D490D227C1A19100411CCE /* Debug */,
				F2D490D327C1A19100411CCE /* Release */,
			);
			defaultConfigurationIsVisible = 0;
			defaultConfigurationName = Release;
		};
		F2D490D427C1A19100411CCE /* Build configuration list for PBXNativeTarget "ffflipWeatherUITests" */ = {
			isa = XCConfigurationList;
			buildConfigurations = (
				F2D490D527C1A19100411CCE /* Debug */,
				F2D490D627C1A19100411CCE /* Release */,
			);
			defaultConfigurationIsVisible = 0;
			defaultConfigurationName = Release;
		};
/* End XCConfigurationList section */
	};
	rootObject = F2D4909C27C1A18F00411CCE /* Project object */;
}
